<?xml version="1.0" encoding="utf-8"?>
<Project ToolsVersion="4.0" xmlns="http://schemas.microsoft.com/developer/msbuild/2003">
  <ItemGroup>
    <Filter Include="Source Files">
      <UniqueIdentifier>{4FC737F1-C7A5-4376-A066-2A32D752A2FF}</UniqueIdentifier>
      <Extensions>cpp;c;cc;cxx;c++;cppm;ixx;def;odl;idl;hpj;bat;asm;asmx</Extensions>
    </Filter>
    <Filter Include="Header Files">
      <UniqueIdentifier>{93995380-89BD-4b04-88EB-625FBE52EBFB}</UniqueIdentifier>
      <Extensions>h;hh;hpp;hxx;h++;hm;inl;inc;ipp;xsd</Extensions>
    </Filter>
    <Filter Include="Resource Files">
      <UniqueIdentifier>{67DA6AB6-F800-4c08-8B7A-83BB121AAD01}</UniqueIdentifier>
      <Extensions>rc;ico;cur;bmp;dlg;rc2;rct;bin;rgs;gif;jpg;jpeg;jpe;resx;tiff;tif;png;wav;mfcribbon-ms</Extensions>
    </Filter>
    <Filter Include="Header Files\Amroth">
      <UniqueIdentifier>{eeb23bac-bc8c-41d0-a83a-f1ac2ca37683}</UniqueIdentifier>
    </Filter>
    <Filter Include="Header Files\Base">
      <UniqueIdentifier>{ecad1f49-1aba-4ae9-96a1-11c4e4b58710}</UniqueIdentifier>
    </Filter>
    <Filter Include="Source Files\Base">
      <UniqueIdentifier>{7449fda8-27a1-4283-8e9f-c504ebbbae17}</UniqueIdentifier>
    </Filter>
    <Filter Include="Source Files\Amroth">
      <UniqueIdentifier>{dbfb7c33-cc99-421a-b54e-fd36aa9b58ec}</UniqueIdentifier>
    </Filter>
    <Filter Include="Custom Framework">
      <UniqueIdentifier>{7262caa6-02ca-4152-9e8e-76f832721a7a}</UniqueIdentifier>
    </Filter>
    <Filter Include="Custom Framework\Headers">
      <UniqueIdentifier>{a37d12e5-544e-4877-a870-d3d4b64d5059}</UniqueIdentifier>
    </Filter>
    <Filter Include="Custom Framework\Events">
      <UniqueIdentifier>{19ff6b82-21d1-4a18-b4e5-c66d94b0d603}</UniqueIdentifier>
    </Filter>
    <Filter Include="Custom Framework\Components">
      <UniqueIdentifier>{5fbc9a30-d731-469a-89ce-e8519f756603}</UniqueIdentifier>
    </Filter>
    <Filter Include="Custom Framework\Components\Headers">
      <UniqueIdentifier>{3a96631f-0f0c-484d-974d-cbe28cd3fa82}</UniqueIdentifier>
    </Filter>
  </ItemGroup>
  <ItemGroup>
    <ClCompile Include="BaseGame.cpp">
      <Filter>Source Files\Base</Filter>
    </ClCompile>
    <ClCompile Include="Matrix2x3.cpp">
      <Filter>Source Files\Base</Filter>
    </ClCompile>
    <ClCompile Include="SoundEffect.cpp">
      <Filter>Source Files\Base</Filter>
    </ClCompile>
    <ClCompile Include="SoundStream.cpp">
      <Filter>Source Files\Base</Filter>
    </ClCompile>
    <ClCompile Include="structs.cpp">
      <Filter>Source Files\Base</Filter>
    </ClCompile>
    <ClCompile Include="SVGParser.cpp">
      <Filter>Source Files\Base</Filter>
    </ClCompile>
    <ClCompile Include="Texture.cpp">
      <Filter>Source Files\Base</Filter>
    </ClCompile>
    <ClCompile Include="utils.cpp">
      <Filter>Source Files\Base</Filter>
    </ClCompile>
    <ClCompile Include="Vector2.cpp">
      <Filter>Source Files\Base</Filter>
    </ClCompile>
    <ClCompile Include="Vector3.cpp">
      <Filter>Source Files\Base</Filter>
    </ClCompile>
    <ClCompile Include="AmrothUtils.cpp">
      <Filter>Source Files\Amroth</Filter>
    </ClCompile>
    <ClCompile Include="Object.cpp">
      <Filter>Custom Framework</Filter>
    </ClCompile>
    <ClCompile Include="GameObject.cpp">
      <Filter>Custom Framework</Filter>
    </ClCompile>
    <ClCompile Include="Component.cpp">
      <Filter>Custom Framework</Filter>
    </ClCompile>
    <ClCompile Include="Animator.cpp">
      <Filter>Custom Framework\Components</Filter>
    </ClCompile>
    <ClCompile Include="Behavior.cpp">
      <Filter>Custom Framework\Components</Filter>
    </ClCompile>
    <ClCompile Include="Rigidbody2D.cpp">
      <Filter>Custom Framework\Components</Filter>
    </ClCompile>
    <ClCompile Include="SpriteRenderer.cpp">
      <Filter>Custom Framework\Components</Filter>
    </ClCompile>
    <ClCompile Include="Transform.cpp">
      <Filter>Custom Framework\Components</Filter>
    </ClCompile>
    <ClCompile Include="Camera.cpp">
      <Filter>Custom Framework\Components</Filter>
    </ClCompile>
  </ItemGroup>
  <ItemGroup>
    <ClInclude Include="AmrothUtils.h">
      <Filter>Header Files\Amroth</Filter>
    </ClInclude>
    <ClInclude Include="Vector3.h">
      <Filter>Header Files\Base</Filter>
    </ClInclude>
    <ClInclude Include="base.h">
      <Filter>Header Files\Base</Filter>
    </ClInclude>
    <ClInclude Include="BaseGame.h">
      <Filter>Header Files\Base</Filter>
    </ClInclude>
    <ClInclude Include="Matrix2x3.h">
      <Filter>Header Files\Base</Filter>
    </ClInclude>
    <ClInclude Include="SoundEffect.h">
      <Filter>Header Files\Base</Filter>
    </ClInclude>
    <ClInclude Include="SoundStream.h">
      <Filter>Header Files\Base</Filter>
    </ClInclude>
    <ClInclude Include="structs.h">
      <Filter>Header Files\Base</Filter>
    </ClInclude>
    <ClInclude Include="SVGParser.h">
      <Filter>Header Files\Base</Filter>
    </ClInclude>
    <ClInclude Include="Texture.h">
      <Filter>Header Files\Base</Filter>
    </ClInclude>
    <ClInclude Include="utils.h">
      <Filter>Header Files\Base</Filter>
    </ClInclude>
    <ClInclude Include="Vector2.h">
      <Filter>Header Files\Base</Filter>
    </ClInclude>
    <ClInclude Include="Event.h">
      <Filter>Header Files\Amroth</Filter>
    </ClInclude>
    <ClInclude Include="Object.h">
      <Filter>Custom Framework\Headers</Filter>
    </ClInclude>
    <ClInclude Include="Component.h">
      <Filter>Custom Framework\Headers</Filter>
    </ClInclude>
    <ClInclude Include="GameObject.h">
      <Filter>Custom Framework\Headers</Filter>
    </ClInclude>
    <ClInclude Include="IUpdatable.h">
      <Filter>Custom Framework\Events</Filter>
    </ClInclude>
    <ClInclude Include="IDrawable.h">
      <Filter>Custom Framework\Events</Filter>
    </ClInclude>
    <ClInclude Include="IInputEvent.h">
      <Filter>Custom Framework\Events</Filter>
    </ClInclude>
    <ClInclude Include="Animator.h">
      <Filter>Custom Framework\Components\Headers</Filter>
    </ClInclude>
    <ClInclude Include="Behavior.h">
      <Filter>Custom Framework\Components\Headers</Filter>
    </ClInclude>
    <ClInclude Include="Rigidbody2D.h">
      <Filter>Custom Framework\Components\Headers</Filter>
    </ClInclude>
    <ClInclude Include="SpriteRenderer.h">
      <Filter>Custom Framework\Components\Headers</Filter>
    </ClInclude>
    <ClInclude Include="Transform.h">
      <Filter>Custom Framework\Components\Headers</Filter>
    </ClInclude>
    <ClInclude Include="UnityStructs.h">
      <Filter>Custom Framework\Headers</Filter>
    </ClInclude>
    <ClInclude Include="Camera.h">
      <Filter>Custom Framework\Components\Headers</Filter>
    </ClInclude>
  </ItemGroup>
</Project>