<?xml version="1.0" encoding="utf-8"?>
<Project ToolsVersion="4.0" xmlns="http://schemas.microsoft.com/developer/msbuild/2003">
  <ItemGroup>
    <Filter Include="Game">
      <UniqueIdentifier>{5ab49b75-3b2b-4219-910b-23dd75ae2f95}</UniqueIdentifier>
    </Filter>
    <Filter Include="Base">
      <UniqueIdentifier>{7ff2f6c7-3974-4424-b6b8-39ccb2b32a6e}</UniqueIdentifier>
    </Filter>
    <Filter Include="Base\Headers">
      <UniqueIdentifier>{c835a440-01e5-404a-84df-6ca6ab0617c6}</UniqueIdentifier>
    </Filter>
    <Filter Include="Game\Headers">
      <UniqueIdentifier>{161a921a-30b1-4731-9436-3fd15e77aa5d}</UniqueIdentifier>
    </Filter>
  </ItemGroup>
  <ItemGroup>
    <ClCompile Include="Game.cpp">
      <Filter>Base</Filter>
    </ClCompile>
    <ClCompile Include="main.cpp">
      <Filter>Base</Filter>
    </ClCompile>
    <ClCompile Include="pch.cpp">
      <Filter>Base</Filter>
    </ClCompile>
    <ClCompile Include="Level.cpp">
      <Filter>Game</Filter>
    </ClCompile>
    <ClCompile Include="Actor.cpp">
      <Filter>Game</Filter>
    </ClCompile>
    <ClCompile Include="Knight.cpp">
      <Filter>Game</Filter>
    </ClCompile>
    <ClCompile Include="AnimLibrary.cpp">
      <Filter>Game</Filter>
    </ClCompile>
    <ClCompile Include="SpriteLibrary.cpp">
      <Filter>Game</Filter>
    </ClCompile>
    <ClCompile Include="InputActions.cpp">
      <Filter>Game</Filter>
    </ClCompile>
    <ClCompile Include="Crawlid.cpp">
      <Filter>Game</Filter>
    </ClCompile>
    <ClCompile Include="Enemy.cpp">
      <Filter>Game</Filter>
    </ClCompile>
    <ClCompile Include="HUDManager.cpp">
      <Filter>Game</Filter>
    </ClCompile>
  </ItemGroup>
  <ItemGroup>
    <ClInclude Include="GameSettings.h">
      <Filter>Base\Headers</Filter>
    </ClInclude>
    <ClInclude Include="Game.h">
      <Filter>Base\Headers</Filter>
    </ClInclude>
    <ClInclude Include="pch.h">
      <Filter>Base\Headers</Filter>
    </ClInclude>
    <ClInclude Include="Level.h">
      <Filter>Game\Headers</Filter>
    </ClInclude>
    <ClInclude Include="Actor.h">
      <Filter>Game\Headers</Filter>
    </ClInclude>
    <ClInclude Include="Knight.h">
      <Filter>Game\Headers</Filter>
    </ClInclude>
    <ClInclude Include="AnimLibrary.h">
      <Filter>Game\Headers</Filter>
    </ClInclude>
    <ClInclude Include="SpriteLibrary.h">
      <Filter>Game\Headers</Filter>
    </ClInclude>
    <ClInclude Include="Defines.h">
      <Filter>Base\Headers</Filter>
    </ClInclude>
    <ClInclude Include="InputActions.h">
      <Filter>Game\Headers</Filter>
    </ClInclude>
    <ClInclude Include="Crawlid.h">
      <Filter>Game\Headers</Filter>
    </ClInclude>
    <ClInclude Include="Enemy.h">
      <Filter>Game\Headers</Filter>
    </ClInclude>
    <ClInclude Include="HUDManager.h">
      <Filter>Game\Headers</Filter>
    </ClInclude>
  </ItemGroup>
</Project>