<?xml version="1.0" encoding="utf-8"?>
<Project ToolsVersion="4.0" xmlns="http://schemas.microsoft.com/developer/msbuild/2003">
  <ItemGroup>
    <Filter Include="Source Files">
      <UniqueIdentifier>{4FC737F1-C7A5-4376-A066-2A32D752A2FF}</UniqueIdentifier>
      <Extensions>cpp;c;cc;cxx;c++;cppm;ixx;def;odl;idl;hpj;bat;asm;asmx</Extensions>
    </Filter>
    <Filter Include="Header Files">
      <UniqueIdentifier>{93995380-89BD-4b04-88EB-625FBE52EBFB}</UniqueIdentifier>
      <Extensions>h;hh;hpp;hxx;h++;hm;inl;inc;ipp;xsd</Extensions>
    </Filter>
    <Filter Include="Resource Files">
      <UniqueIdentifier>{67DA6AB6-F800-4c08-8B7A-83BB121AAD01}</UniqueIdentifier>
      <Extensions>rc;ico;cur;bmp;dlg;rc2;rct;bin;rgs;gif;jpg;jpeg;jpe;resx;tiff;tif;png;wav;mfcribbon-ms</Extensions>
    </Filter>
    <Filter Include="Source Files\Subclasses">
      <UniqueIdentifier>{98f2c3fe-328b-41c9-ada9-63c3cd4fe01d}</UniqueIdentifier>
    </Filter>
    <Filter Include="Header Files\Subclasses">
      <UniqueIdentifier>{23132356-e500-4497-918f-1a4640ccd2b5}</UniqueIdentifier>
    </Filter>
    <Filter Include="Source Files\Subclasses\Input">
      <UniqueIdentifier>{6f0d4046-c0ad-4a6e-8efd-10329499b389}</UniqueIdentifier>
    </Filter>
    <Filter Include="Header Files\Subclasses\Input">
      <UniqueIdentifier>{2e6db84e-efa8-4400-8ffc-4b15e55f681d}</UniqueIdentifier>
    </Filter>
    <Filter Include="Header Files\Main Classes">
      <UniqueIdentifier>{ddf6116a-e2c3-43dc-bd2e-ce5175efdac5}</UniqueIdentifier>
    </Filter>
    <Filter Include="Source Files\Main Classes">
      <UniqueIdentifier>{85c2449c-9e32-4bbf-87a2-a49aa5254970}</UniqueIdentifier>
    </Filter>
    <Filter Include="Header Files\Unity Framework">
      <UniqueIdentifier>{d4d8cf89-11b6-4713-a7dd-53f25bc2658f}</UniqueIdentifier>
    </Filter>
    <Filter Include="Header Files\Unity Framework\Components">
      <UniqueIdentifier>{a482ad1d-76c4-480a-baf3-e2e44c37c7af}</UniqueIdentifier>
    </Filter>
    <Filter Include="Header Files\Unity Framework\Examples">
      <UniqueIdentifier>{b1cf1507-4156-4591-afbe-f4f2ad34eb2c}</UniqueIdentifier>
    </Filter>
    <Filter Include="Header Files\Unity Framework\ComponentSystem">
      <UniqueIdentifier>{24ee9f4b-a28f-42d0-979e-f08ba5ef7e83}</UniqueIdentifier>
    </Filter>
    <Filter Include="Source Files\Unity Framework">
      <UniqueIdentifier>{d807d40b-b854-47ca-941a-999483d4dd72}</UniqueIdentifier>
    </Filter>
    <Filter Include="Source Files\Unity Framework\Components">
      <UniqueIdentifier>{c9c5e124-b663-484a-92d6-778e46ceb6c8}</UniqueIdentifier>
    </Filter>
    <Filter Include="Source Files\Unity Framework\Examples">
      <UniqueIdentifier>{e387cfb6-668f-407e-8c10-76599384996c}</UniqueIdentifier>
    </Filter>
  </ItemGroup>
  <ItemGroup>
    <ClCompile Include="Actor.cpp">
      <Filter>Source Files\Subclasses</Filter>
    </ClCompile>
    <ClCompile Include="Knight.cpp">
      <Filter>Source Files\Subclasses</Filter>
    </ClCompile>
    <ClCompile Include="Level.cpp">
      <Filter>Source Files\Subclasses</Filter>
    </ClCompile>
    <ClCompile Include="InputActions.cpp">
      <Filter>Source Files\Subclasses\Input</Filter>
    </ClCompile>
    <ClCompile Include="InputHandler.cpp">
      <Filter>Source Files\Subclasses\Input</Filter>
    </ClCompile>
    <ClCompile Include="pch.cpp">
      <Filter>Source Files\Main Classes</Filter>
    </ClCompile>
    <ClCompile Include="Game.cpp">
      <Filter>Source Files\Main Classes</Filter>
    </ClCompile>
    <ClCompile Include="Global.cpp">
      <Filter>Source Files\Main Classes</Filter>
    </ClCompile>
    <ClCompile Include="main.cpp">
      <Filter>Source Files\Main Classes</Filter>
    </ClCompile>
    <ClCompile Include="GameObject.cpp">
      <Filter>Source Files\Unity Framework</Filter>
    </ClCompile>
    <ClCompile Include="Transform.cpp">
      <Filter>Source Files\Unity Framework</Filter>
    </ClCompile>
    <ClCompile Include="Behavior.cpp">
      <Filter>Source Files\Unity Framework</Filter>
    </ClCompile>
    <ClCompile Include="Animator.cpp">
      <Filter>Source Files\Unity Framework\Components</Filter>
    </ClCompile>
    <ClCompile Include="Rigidbody2D.cpp">
      <Filter>Source Files\Unity Framework\Components</Filter>
    </ClCompile>
    <ClCompile Include="SpriteRenderer.cpp">
      <Filter>Source Files\Unity Framework\Components</Filter>
    </ClCompile>
    <ClCompile Include="Sprite2D.cpp">
      <Filter>Source Files\Unity Framework\Examples</Filter>
    </ClCompile>
  </ItemGroup>
  <ItemGroup>
    <ClInclude Include="Actor.h">
      <Filter>Header Files\Subclasses</Filter>
    </ClInclude>
    <ClInclude Include="Knight.h">
      <Filter>Header Files\Subclasses</Filter>
    </ClInclude>
    <ClInclude Include="Level.h">
      <Filter>Header Files\Subclasses</Filter>
    </ClInclude>
    <ClInclude Include="InputActions.h">
      <Filter>Header Files\Subclasses\Input</Filter>
    </ClInclude>
    <ClInclude Include="InputHandler.h">
      <Filter>Header Files\Subclasses\Input</Filter>
    </ClInclude>
    <ClInclude Include="Game.h">
      <Filter>Header Files\Main Classes</Filter>
    </ClInclude>
    <ClInclude Include="Global.h">
      <Filter>Header Files\Main Classes</Filter>
    </ClInclude>
    <ClInclude Include="pch.h">
      <Filter>Header Files\Main Classes</Filter>
    </ClInclude>
    <ClInclude Include="GameObject.h">
      <Filter>Header Files\Unity Framework</Filter>
    </ClInclude>
    <ClInclude Include="Transform.h">
      <Filter>Header Files\Unity Framework</Filter>
    </ClInclude>
    <ClInclude Include="Behavior.h">
      <Filter>Header Files\Unity Framework</Filter>
    </ClInclude>
    <ClInclude Include="Animator.h">
      <Filter>Header Files\Unity Framework\Components</Filter>
    </ClInclude>
    <ClInclude Include="Rigidbody2D.h">
      <Filter>Header Files\Unity Framework\Components</Filter>
    </ClInclude>
    <ClInclude Include="SpriteRenderer.h">
      <Filter>Header Files\Unity Framework\Components</Filter>
    </ClInclude>
    <ClInclude Include="Sprite2D.h">
      <Filter>Header Files\Unity Framework\Examples</Filter>
    </ClInclude>
    <ClInclude Include="GameStructs.h">
      <Filter>Header Files\Unity Framework\ComponentSystem</Filter>
    </ClInclude>
    <ClInclude Include="IComponent.h">
      <Filter>Header Files\Unity Framework\ComponentSystem</Filter>
    </ClInclude>
  </ItemGroup>
</Project>