<?xml version="1.0" encoding="utf-8"?>
<Project ToolsVersion="4.0" xmlns="http://schemas.microsoft.com/developer/msbuild/2003">
  <ItemGroup>
    <Filter Include="Source Files">
      <UniqueIdentifier>{4FC737F1-C7A5-4376-A066-2A32D752A2FF}</UniqueIdentifier>
      <Extensions>cpp;c;cc;cxx;c++;cppm;ixx;def;odl;idl;hpj;bat;asm;asmx</Extensions>
    </Filter>
    <Filter Include="Header Files">
      <UniqueIdentifier>{93995380-89BD-4b04-88EB-625FBE52EBFB}</UniqueIdentifier>
      <Extensions>h;hh;hpp;hxx;h++;hm;inl;inc;ipp;xsd</Extensions>
    </Filter>
    <Filter Include="Resource Files">
      <UniqueIdentifier>{67DA6AB6-F800-4c08-8B7A-83BB121AAD01}</UniqueIdentifier>
      <Extensions>rc;ico;cur;bmp;dlg;rc2;rct;bin;rgs;gif;jpg;jpeg;jpe;resx;tiff;tif;png;wav;mfcribbon-ms</Extensions>
    </Filter>
    <Filter Include="Source Files\Subclasses">
      <UniqueIdentifier>{98f2c3fe-328b-41c9-ada9-63c3cd4fe01d}</UniqueIdentifier>
    </Filter>
    <Filter Include="Header Files\Subclasses">
      <UniqueIdentifier>{23132356-e500-4497-918f-1a4640ccd2b5}</UniqueIdentifier>
    </Filter>
    <Filter Include="Header Files\Subclasses\Framework">
      <UniqueIdentifier>{c1f8b746-cdd3-49cb-afcd-4b877fdbd7a4}</UniqueIdentifier>
    </Filter>
    <Filter Include="Source Files\Subclasses\Framework">
      <UniqueIdentifier>{391e02eb-2cc6-42c7-b644-6556a51e1347}</UniqueIdentifier>
    </Filter>
    <Filter Include="Source Files\Subclasses\Framework\Components">
      <UniqueIdentifier>{7e2ab71c-f206-4b30-8bf0-ea8ef1ff378c}</UniqueIdentifier>
    </Filter>
    <Filter Include="Header Files\Subclasses\Framework\Components">
      <UniqueIdentifier>{782941f4-2364-4cff-9f0c-a1e7274e7214}</UniqueIdentifier>
    </Filter>
  </ItemGroup>
  <ItemGroup>
    <ClCompile Include="Game.cpp">
      <Filter>Source Files</Filter>
    </ClCompile>
    <ClCompile Include="main.cpp">
      <Filter>Source Files</Filter>
    </ClCompile>
    <ClCompile Include="pch.cpp">
      <Filter>Source Files</Filter>
    </ClCompile>
    <ClCompile Include="Actor.cpp">
      <Filter>Source Files\Subclasses</Filter>
    </ClCompile>
    <ClCompile Include="InputHandler.cpp">
      <Filter>Source Files\Subclasses</Filter>
    </ClCompile>
    <ClCompile Include="Knight.cpp">
      <Filter>Source Files\Subclasses</Filter>
    </ClCompile>
    <ClCompile Include="Sprite2D.cpp">
      <Filter>Source Files\Subclasses</Filter>
    </ClCompile>
    <ClCompile Include="Object.cpp">
      <Filter>Source Files\Subclasses\Framework</Filter>
    </ClCompile>
    <ClCompile Include="Transform.cpp">
      <Filter>Source Files\Subclasses\Framework</Filter>
    </ClCompile>
    <ClCompile Include="Behavior.cpp">
      <Filter>Source Files\Subclasses\Framework</Filter>
    </ClCompile>
    <ClCompile Include="SpriteRenderer.cpp">
      <Filter>Source Files\Subclasses\Framework\Components</Filter>
    </ClCompile>
    <ClCompile Include="Rigidbody2D.cpp">
      <Filter>Source Files\Subclasses\Framework\Components</Filter>
    </ClCompile>
  </ItemGroup>
  <ItemGroup>
    <ClInclude Include="Game.h">
      <Filter>Header Files</Filter>
    </ClInclude>
    <ClInclude Include="pch.h">
      <Filter>Header Files</Filter>
    </ClInclude>
    <ClInclude Include="Actor.h">
      <Filter>Header Files\Subclasses</Filter>
    </ClInclude>
    <ClInclude Include="InputHandler.h">
      <Filter>Header Files\Subclasses</Filter>
    </ClInclude>
    <ClInclude Include="Knight.h">
      <Filter>Header Files\Subclasses</Filter>
    </ClInclude>
    <ClInclude Include="Sprite2D.h">
      <Filter>Header Files\Subclasses</Filter>
    </ClInclude>
    <ClInclude Include="Object.h">
      <Filter>Header Files\Subclasses\Framework</Filter>
    </ClInclude>
    <ClInclude Include="Transform.h">
      <Filter>Header Files\Subclasses\Framework</Filter>
    </ClInclude>
    <ClInclude Include="Behavior.h">
      <Filter>Header Files\Subclasses\Framework</Filter>
    </ClInclude>
    <ClInclude Include="Rigidbody2D.h">
      <Filter>Header Files\Subclasses\Framework\Components</Filter>
    </ClInclude>
    <ClInclude Include="SpriteRenderer.h">
      <Filter>Header Files\Subclasses\Framework\Components</Filter>
    </ClInclude>
  </ItemGroup>
</Project>